
Microsoft Visual Studio Solution File, Format Version 12.00
# Visual Studio Version 17
VisualStudioVersion = 17.7.34031.279
MinimumVisualStudioVersion = 10.0.40219.1
Project("{FAE04EC0-301F-11D3-BF4B-00C04F79EFBC}") = "Dungeon", "Dungeon\Dungeon.csproj", "{0E8C36AA-7A82-4E24-88D1-E3F62C5B85F7}"
EndProject
Global
	GlobalSection(SolutionConfigurationPlatforms) = preSolution
		Debug|Any CPU = Debug|Any CPU
		Release|Any CPU = Release|Any CPU
	EndGlobalSection
	GlobalSection(ProjectConfigurationPlatforms) = postSolution
		{0E8C36AA-7A82-4E24-88D1-E3F62C5B85F7}.Debug|Any CPU.ActiveCfg = Debug|Any CPU
		{0E8C36AA-7A82-4E24-88D1-E3F62C5B85F7}.Debug|Any CPU.Build.0 = Debug|Any CPU
		{0E8C36AA-7A82-4E24-88D1-E3F62C5B85F7}.Release|Any CPU.ActiveCfg = Release|Any CPU
		{0E8C36AA-7A82-4E24-88D1-E3F62C5B85F7}.Release|Any CPU.Build.0 = Release|Any CPU
	EndGlobalSection
	GlobalSection(SolutionProperties) = preSolution
		HideSolutionNode = FALSE
	EndGlobalSection
	GlobalSection(ExtensibilityGlobals) = postSolution
		SolutionGuid = {50735186-C3E6-4F5B-868A-33B9482F43B0}
	EndGlobalSection
EndGlobal
